{
  "version": 4,
  "terraform_version": "1.2.6",
  "serial": 31,
  "lineage": "19373fb8-ca51-ff39-1c45-a3a1150b9a6e",
  "outputs": {},
  "resources": [
    {
      "mode": "managed",
      "type": "azurerm_resource_group",
      "name": "rg",
      "provider": "provider[\"registry.terraform.io/hashicorp/azurerm\"]",
      "instances": [
        {
          "schema_version": 0,
          "attributes": {
            "id": "/subscriptions/77f03b7d-819d-431e-98c2-28866179eb22/resourceGroups/hrmondapr-env-main",
            "location": "centralus",
            "name": "hrmondapr-env-main",
            "tags": {
              "environment": "dev",
              "owner": "hungowner",
              "project": "hrmondapr"
            },
            "timeouts": null
          },
          "sensitive_attributes": [],
          "private": "eyJlMmJmYjczMC1lY2FhLTExZTYtOGY4OC0zNDM2M2JjN2M0YzAiOnsiY3JlYXRlIjo1NDAwMDAwMDAwMDAwLCJkZWxldGUiOjU0MDAwMDAwMDAwMDAsInJlYWQiOjMwMDAwMDAwMDAwMCwidXBkYXRlIjo1NDAwMDAwMDAwMDAwfX0="
        }
      ]
    },
    {
      "mode": "managed",
      "type": "azurerm_role_assignment",
      "name": "example",
      "provider": "provider[\"registry.terraform.io/hashicorp/azurerm\"]",
      "instances": [
        {
          "schema_version": 0,
          "attributes": {
            "condition": "",
            "condition_version": "",
            "delegated_managed_identity_resource_id": "",
            "description": "",
            "id": "/subscriptions/77f03b7d-819d-431e-98c2-28866179eb22/resourceGroups/hrmondapr-env-main/providers/Microsoft.DBforPostgreSQL/servers/hrm-database-server-main/providers/Microsoft.Authorization/roleAssignments/432d0b2f-85fc-1b50-10fe-45c145b4e62e",
            "name": "432d0b2f-85fc-1b50-10fe-45c145b4e62e",
            "principal_id": "883e84ef-f9c1-4220-b3d2-8955b29110f7",
            "principal_type": "ServicePrincipal",
            "role_definition_id": "/subscriptions/77f03b7d-819d-431e-98c2-28866179eb22/providers/Microsoft.Authorization/roleDefinitions/8e3af657-a8ff-443c-a75c-2fe8c4bcb635",
            "role_definition_name": "Owner",
            "scope": "/subscriptions/77f03b7d-819d-431e-98c2-28866179eb22/resourceGroups/hrmondapr-env-main/providers/Microsoft.DBforPostgreSQL/servers/hrm-database-server-main",
            "skip_service_principal_aad_check": null,
            "timeouts": null
          },
          "sensitive_attributes": [],
          "private": "eyJlMmJmYjczMC1lY2FhLTExZTYtOGY4OC0zNDM2M2JjN2M0YzAiOnsiY3JlYXRlIjoxODAwMDAwMDAwMDAwLCJkZWxldGUiOjE4MDAwMDAwMDAwMDAsInJlYWQiOjMwMDAwMDAwMDAwMCwidXBkYXRlIjoxODAwMDAwMDAwMDAwfX0=",
          "dependencies": [
            "azurerm_resource_group.rg",
            "azurerm_user_assigned_identity.example",
            "module.app_plan.azurerm_service_plan.hrm_app_plan",
            "module.linux-web-app.azurerm_linux_web_app.main",
            "module.postgree.azurerm_postgresql_configuration.db_configs",
            "module.postgree.azurerm_postgresql_database.dbs",
            "module.postgree.azurerm_postgresql_firewall_rule.firewall_rules",
            "module.postgree.azurerm_postgresql_server.server",
            "module.postgree.azurerm_postgresql_virtual_network_rule.vnet_rules",
            "module.vnet.azurerm_subnet.private_subnet",
            "module.vnet.azurerm_subnet.public_subnet",
            "module.vnet.azurerm_subnet_network_security_group_association.private",
            "module.vnet.azurerm_subnet_network_security_group_association.public",
            "module.vnet.azurerm_subnet_route_table_association.private_subnet",
            "module.vnet.azurerm_subnet_route_table_association.public_subnet",
            "module.vnet.azurerm_virtual_network.vnet",
            "module.vnet.azurerm_virtual_network_peering.central_us",
            "module.vnet.azurerm_virtual_network_peering.central_us_global",
            "module.vnet.azurerm_virtual_network_peering.global",
            "module.vnet.azurerm_virtual_network_peering.same_localtion"
          ]
        }
      ]
    },
    {
      "mode": "managed",
      "type": "azurerm_user_assigned_identity",
      "name": "example",
      "provider": "provider[\"registry.terraform.io/hashicorp/azurerm\"]",
      "instances": [
        {
          "schema_version": 1,
          "attributes": {
            "client_id": "c56ac0f3-e629-49a2-843a-c30eb18ba151",
            "id": "/subscriptions/77f03b7d-819d-431e-98c2-28866179eb22/resourceGroups/hrmondapr-env-main/providers/Microsoft.ManagedIdentity/userAssignedIdentities/search-api-ahihi",
            "location": "centralus",
            "name": "search-api-ahihi",
            "principal_id": "8cb6468c-669d-452f-a4f1-e0074c650d48",
            "resource_group_name": "hrmondapr-env-main",
            "tags": {},
            "tenant_id": "2dff09ac-2b3b-4182-9953-2b548e0d0b39",
            "timeouts": null
          },
          "sensitive_attributes": [],
          "private": "eyJlMmJmYjczMC1lY2FhLTExZTYtOGY4OC0zNDM2M2JjN2M0YzAiOnsiY3JlYXRlIjoxODAwMDAwMDAwMDAwLCJkZWxldGUiOjE4MDAwMDAwMDAwMDAsInJlYWQiOjMwMDAwMDAwMDAwMCwidXBkYXRlIjoxODAwMDAwMDAwMDAwfSwic2NoZW1hX3ZlcnNpb24iOiIxIn0=",
          "dependencies": [
            "azurerm_resource_group.rg"
          ]
        }
      ]
    },
    {
      "module": "module.app_plan",
      "mode": "managed",
      "type": "azurerm_service_plan",
      "name": "hrm_app_plan",
      "provider": "provider[\"registry.terraform.io/hashicorp/azurerm\"]",
      "instances": [
        {
          "index_key": 0,
          "schema_version": 0,
          "attributes": {
            "app_service_environment_id": "",
            "id": "/subscriptions/77f03b7d-819d-431e-98c2-28866179eb22/resourceGroups/hrmondapr-env-main/providers/Microsoft.Web/serverfarms/hrm-dapr-plan",
            "kind": "linux",
            "location": "centralus",
            "maximum_elastic_worker_count": 1,
            "name": "hrm-dapr-plan",
            "os_type": "Linux",
            "per_site_scaling_enabled": false,
            "reserved": true,
            "resource_group_name": "hrmondapr-env-main",
            "sku_name": "B1",
            "tags": {},
            "timeouts": null,
            "worker_count": 1,
            "zone_balancing_enabled": false
          },
          "sensitive_attributes": [],
          "private": "eyJlMmJmYjczMC1lY2FhLTExZTYtOGY4OC0zNDM2M2JjN2M0YzAiOnsiY3JlYXRlIjozNjAwMDAwMDAwMDAwLCJkZWxldGUiOjM2MDAwMDAwMDAwMDAsInJlYWQiOjMwMDAwMDAwMDAwMCwidXBkYXRlIjozNjAwMDAwMDAwMDAwfX0=",
          "dependencies": [
            "azurerm_resource_group.rg",
            "azurerm_user_assigned_identity.example"
          ]
        }
      ]
    },
    {
      "module": "module.bus_service",
      "mode": "managed",
      "type": "azurerm_servicebus_namespace",
      "name": "main",
      "provider": "provider[\"registry.terraform.io/hashicorp/azurerm\"]",
      "instances": [
        {
          "schema_version": 1,
          "attributes": {
            "capacity": 0,
            "customer_managed_key": [],
            "default_primary_connection_string": "Endpoint=sb://bushrmondapr-main.servicebus.windows.net/;SharedAccessKeyName=RootManageSharedAccessKey;SharedAccessKey=CDU2LOvHyQK5RDoN5kUlMhyHt8cZNFynHr/2/V6N374=",
            "default_primary_key": "CDU2LOvHyQK5RDoN5kUlMhyHt8cZNFynHr/2/V6N374=",
            "default_secondary_connection_string": "Endpoint=sb://bushrmondapr-main.servicebus.windows.net/;SharedAccessKeyName=RootManageSharedAccessKey;SharedAccessKey=5+hoTD3sZO9QxnfkIYomTpcO4Gy7VhrE7YTBrRfQy1s=",
            "default_secondary_key": "5+hoTD3sZO9QxnfkIYomTpcO4Gy7VhrE7YTBrRfQy1s=",
            "id": "/subscriptions/77f03b7d-819d-431e-98c2-28866179eb22/resourceGroups/hrmondapr-env-main/providers/Microsoft.ServiceBus/namespaces/bushrmondapr-main",
            "identity": [
              {
                "identity_ids": [
                  "/subscriptions/77f03b7d-819d-431e-98c2-28866179eb22/resourceGroups/hrmondapr-env-main/providers/Microsoft.ManagedIdentity/userAssignedIdentities/search-api-ahihi"
                ],
                "principal_id": "216294e3-d9ea-4c41-93c8-ef72373f75ec",
                "tenant_id": "2dff09ac-2b3b-4182-9953-2b548e0d0b39",
                "type": "SystemAssigned, UserAssigned"
              }
            ],
            "local_auth_enabled": true,
            "location": "centralus",
            "name": "bushrmondapr-main",
            "resource_group_name": "hrmondapr-env-main",
            "sku": "Standard",
            "tags": {},
            "timeouts": null,
            "zone_redundant": false
          },
          "sensitive_attributes": [],
          "private": "eyJlMmJmYjczMC1lY2FhLTExZTYtOGY4OC0zNDM2M2JjN2M0YzAiOnsiY3JlYXRlIjoxODAwMDAwMDAwMDAwLCJkZWxldGUiOjE4MDAwMDAwMDAwMDAsInJlYWQiOjMwMDAwMDAwMDAwMCwidXBkYXRlIjoxODAwMDAwMDAwMDAwfSwic2NoZW1hX3ZlcnNpb24iOiIxIn0=",
          "dependencies": [
            "azurerm_resource_group.rg",
            "azurerm_user_assigned_identity.example"
          ]
        }
      ]
    },
    {
      "module": "module.bus_service",
      "mode": "managed",
      "type": "azurerm_servicebus_queue",
      "name": "main",
      "provider": "provider[\"registry.terraform.io/hashicorp/azurerm\"]",
      "instances": [
        {
          "index_key": 0,
          "schema_version": 0,
          "attributes": {
            "auto_delete_on_idle": "P10675199DT2H48M5.4775807S",
            "dead_lettering_on_message_expiration": false,
            "default_message_ttl": "P10675199DT2H48M5.4775807S",
            "duplicate_detection_history_time_window": "PT10M",
            "enable_batched_operations": true,
            "enable_express": false,
            "enable_partitioning": false,
            "forward_dead_lettered_messages_to": "",
            "forward_to": "",
            "id": "/subscriptions/77f03b7d-819d-431e-98c2-28866179eb22/resourceGroups/hrmondapr-env-main/providers/Microsoft.ServiceBus/namespaces/bushrmondapr-main/queues/queues",
            "lock_duration": "PT1M",
            "max_delivery_count": 10,
            "max_message_size_in_kilobytes": 256,
            "max_size_in_megabytes": 1024,
            "name": "queues",
            "namespace_id": "/subscriptions/77f03b7d-819d-431e-98c2-28866179eb22/resourceGroups/hrmondapr-env-main/providers/Microsoft.ServiceBus/namespaces/bushrmondapr-main",
            "requires_duplicate_detection": false,
            "requires_session": false,
            "status": "Active",
            "timeouts": null
          },
          "sensitive_attributes": [],
          "private": "eyJlMmJmYjczMC1lY2FhLTExZTYtOGY4OC0zNDM2M2JjN2M0YzAiOnsiY3JlYXRlIjoxODAwMDAwMDAwMDAwLCJkZWxldGUiOjE4MDAwMDAwMDAwMDAsInJlYWQiOjMwMDAwMDAwMDAwMCwidXBkYXRlIjoxODAwMDAwMDAwMDAwfX0=",
          "dependencies": [
            "azurerm_resource_group.rg",
            "azurerm_user_assigned_identity.example",
            "module.bus_service.azurerm_servicebus_namespace.main"
          ]
        }
      ]
    },
    {
      "module": "module.bus_service",
      "mode": "managed",
      "type": "azurerm_servicebus_topic",
      "name": "main",
      "provider": "provider[\"registry.terraform.io/hashicorp/azurerm\"]",
      "instances": [
        {
          "index_key": 0,
          "schema_version": 0,
          "attributes": {
            "auto_delete_on_idle": "P10675199DT2H48M5.4775807S",
            "default_message_ttl": "P10675199DT2H48M5.4775807S",
            "duplicate_detection_history_time_window": "PT10M",
            "enable_batched_operations": false,
            "enable_express": false,
            "enable_partitioning": true,
            "id": "/subscriptions/77f03b7d-819d-431e-98c2-28866179eb22/resourceGroups/hrmondapr-env-main/providers/Microsoft.ServiceBus/namespaces/bushrmondapr-main/topics/topic",
            "max_message_size_in_kilobytes": 256,
            "max_size_in_megabytes": 1024,
            "name": "topic",
            "namespace_id": "/subscriptions/77f03b7d-819d-431e-98c2-28866179eb22/resourceGroups/hrmondapr-env-main/providers/Microsoft.ServiceBus/namespaces/bushrmondapr-main",
            "requires_duplicate_detection": false,
            "status": "Active",
            "support_ordering": false,
            "timeouts": null
          },
          "sensitive_attributes": [],
          "private": "eyJlMmJmYjczMC1lY2FhLTExZTYtOGY4OC0zNDM2M2JjN2M0YzAiOnsiY3JlYXRlIjoxODAwMDAwMDAwMDAwLCJkZWxldGUiOjE4MDAwMDAwMDAwMDAsInJlYWQiOjMwMDAwMDAwMDAwMCwidXBkYXRlIjoxODAwMDAwMDAwMDAwfX0=",
          "dependencies": [
            "azurerm_resource_group.rg",
            "azurerm_user_assigned_identity.example",
            "module.bus_service.azurerm_servicebus_namespace.main"
          ]
        }
      ]
    },
    {
      "module": "module.bus_service",
      "mode": "managed",
      "type": "azurerm_servicebus_topic_authorization_rule",
      "name": "main",
      "provider": "provider[\"registry.terraform.io/hashicorp/azurerm\"]",
      "instances": [
        {
          "index_key": 0,
          "schema_version": 0,
          "attributes": {
            "id": "/subscriptions/77f03b7d-819d-431e-98c2-28866179eb22/resourceGroups/hrmondapr-env-main/providers/Microsoft.ServiceBus/namespaces/bushrmondapr-main/topics/topic/authorizationRules/topic_rules",
            "listen": true,
            "manage": false,
            "name": "topic_rules",
            "primary_connection_string": "Endpoint=sb://bushrmondapr-main.servicebus.windows.net/;SharedAccessKeyName=topic_rules;SharedAccessKey=o5xyzml52IDqYTuqrMVKgH6poos9Sb5J8UpC3EHLhT8=;EntityPath=topic",
            "primary_connection_string_alias": "",
            "primary_key": "o5xyzml52IDqYTuqrMVKgH6poos9Sb5J8UpC3EHLhT8=",
            "secondary_connection_string": "Endpoint=sb://bushrmondapr-main.servicebus.windows.net/;SharedAccessKeyName=topic_rules;SharedAccessKey=Wv8RwOIuHBruZIuHytxeUO0zPeaFcUs5H53UaQ9sFUU=;EntityPath=topic",
            "secondary_connection_string_alias": "",
            "secondary_key": "Wv8RwOIuHBruZIuHytxeUO0zPeaFcUs5H53UaQ9sFUU=",
            "send": true,
            "timeouts": null,
            "topic_id": "/subscriptions/77f03b7d-819d-431e-98c2-28866179eb22/resourceGroups/hrmondapr-env-main/providers/Microsoft.ServiceBus/namespaces/bushrmondapr-main/topics/topic"
          },
          "sensitive_attributes": [],
          "private": "eyJlMmJmYjczMC1lY2FhLTExZTYtOGY4OC0zNDM2M2JjN2M0YzAiOnsiY3JlYXRlIjoxODAwMDAwMDAwMDAwLCJkZWxldGUiOjE4MDAwMDAwMDAwMDAsInJlYWQiOjMwMDAwMDAwMDAwMCwidXBkYXRlIjoxODAwMDAwMDAwMDAwfX0=",
          "dependencies": [
            "azurerm_resource_group.rg",
            "azurerm_user_assigned_identity.example",
            "module.bus_service.azurerm_servicebus_namespace.main",
            "module.bus_service.azurerm_servicebus_topic.main"
          ]
        }
      ]
    },
    {
      "module": "module.linux-web-app",
      "mode": "managed",
      "type": "azurerm_linux_web_app",
      "name": "main",
      "provider": "provider[\"registry.terraform.io/hashicorp/azurerm\"]",
      "instances": [
        {
          "index_key": 0,
          "schema_version": 0,
          "attributes": {
            "app_settings": {},
            "auth_settings": [
              {
                "active_directory": [],
                "additional_login_parameters": {},
                "allowed_external_redirect_urls": [],
                "default_provider": "",
                "enabled": false,
                "facebook": [],
                "github": [],
                "google": [],
                "issuer": "",
                "microsoft": [],
                "runtime_version": "",
                "token_refresh_extension_hours": 0,
                "token_store_enabled": false,
                "twitter": [],
                "unauthenticated_client_action": ""
              }
            ],
            "backup": [],
            "client_affinity_enabled": false,
            "client_certificate_enabled": false,
            "client_certificate_mode": "Required",
            "connection_string": [],
            "custom_domain_verification_id": "4D2E2E49813C9ABA3C5F055CF2CB2B24EB0E9EE50F606A53269CD0ED825BE322",
            "default_hostname": "dotnethrmapp-api-main.azurewebsites.net",
            "enabled": true,
            "https_only": false,
            "id": "/subscriptions/77f03b7d-819d-431e-98c2-28866179eb22/resourceGroups/hrmondapr-env-main/providers/Microsoft.Web/sites/dotnethrmapp-api-main",
            "identity": [
              {
                "identity_ids": [],
                "principal_id": "883e84ef-f9c1-4220-b3d2-8955b29110f7",
                "tenant_id": "2dff09ac-2b3b-4182-9953-2b548e0d0b39",
                "type": "SystemAssigned"
              }
            ],
            "key_vault_reference_identity_id": "SystemAssigned",
            "kind": "app,linux",
            "location": "centralus",
            "logs": [],
            "name": "dotnethrmapp-api-main",
            "outbound_ip_address_list": [
              "20.84.233.39",
              "20.84.234.195",
              "20.84.235.43",
              "20.84.236.65",
              "20.84.236.104",
              "20.84.236.176",
              "20.118.56.3"
            ],
            "outbound_ip_addresses": "20.84.233.39,20.84.234.195,20.84.235.43,20.84.236.65,20.84.236.104,20.84.236.176,20.118.56.3",
            "possible_outbound_ip_address_list": [
              "20.84.233.39",
              "20.84.234.195",
              "20.84.235.43",
              "20.84.236.65",
              "20.84.236.104",
              "20.84.236.176",
              "20.84.236.195",
              "20.84.236.249",
              "20.84.237.176",
              "20.84.238.117",
              "20.84.238.194",
              "20.84.239.76",
              "20.109.248.12",
              "20.109.248.14",
              "20.109.248.16",
              "20.109.248.28",
              "20.109.248.38",
              "20.109.248.69",
              "20.109.248.70",
              "20.109.248.89",
              "20.109.248.95",
              "20.109.248.105",
              "20.109.248.124",
              "20.109.248.151",
              "20.118.56.3"
            ],
            "possible_outbound_ip_addresses": "20.84.233.39,20.84.234.195,20.84.235.43,20.84.236.65,20.84.236.104,20.84.236.176,20.84.236.195,20.84.236.249,20.84.237.176,20.84.238.117,20.84.238.194,20.84.239.76,20.109.248.12,20.109.248.14,20.109.248.16,20.109.248.28,20.109.248.38,20.109.248.69,20.109.248.70,20.109.248.89,20.109.248.95,20.109.248.105,20.109.248.124,20.109.248.151,20.118.56.3",
            "resource_group_name": "hrmondapr-env-main",
            "service_plan_id": "/subscriptions/77f03b7d-819d-431e-98c2-28866179eb22/resourceGroups/hrmondapr-env-main/providers/Microsoft.Web/serverfarms/hrm-dapr-plan",
            "site_config": [
              {
                "always_on": true,
                "api_definition_url": "",
                "api_management_api_id": "",
                "app_command_line": "",
                "application_stack": [
                  {
                    "docker_image": "",
                    "docker_image_tag": "",
                    "dotnet_version": "6.0",
                    "java_server": "",
                    "java_server_version": "",
                    "java_version": "",
                    "node_version": "",
                    "php_version": "",
                    "python_version": "",
                    "ruby_version": ""
                  }
                ],
                "auto_heal_enabled": false,
                "auto_heal_setting": [],
                "container_registry_managed_identity_client_id": "",
                "container_registry_use_managed_identity": false,
                "cors": [],
                "default_documents": [
                  "Default.htm",
                  "Default.html",
                  "Default.asp",
                  "index.htm",
                  "index.html",
                  "iisstart.htm",
                  "default.aspx",
                  "index.php",
                  "hostingstart.html"
                ],
                "detailed_error_logging_enabled": false,
                "ftps_state": "Disabled",
                "health_check_eviction_time_in_min": 0,
                "health_check_path": "",
                "http2_enabled": true,
                "ip_restriction": [],
                "linux_fx_version": "DOTNETCORE|6.0",
                "load_balancing_mode": "LeastRequests",
                "local_mysql_enabled": false,
                "managed_pipeline_mode": "Integrated",
                "minimum_tls_version": "1.2",
                "remote_debugging_enabled": false,
                "remote_debugging_version": "VS2019",
                "scm_ip_restriction": [],
                "scm_minimum_tls_version": "1.2",
                "scm_type": "None",
                "scm_use_main_ip_restriction": false,
                "use_32_bit_worker": true,
                "vnet_route_all_enabled": false,
                "websockets_enabled": false,
                "worker_count": 1
              }
            ],
            "site_credential": [
              {
                "name": "$dotnethrmapp-api-main",
                "password": "7sAPg8bDc0No9J5k3JuWbcPh4XeaCZum4u5AgtLfyyFjePFGHhCmJYXZvuqu"
              }
            ],
            "sticky_settings": [],
            "storage_account": [],
            "tags": {
              "name": "hrmapp",
              "oke": "linux-api-app"
            },
            "timeouts": null,
            "virtual_network_subnet_id": "",
            "zip_deploy_file": ""
          },
          "sensitive_attributes": [],
          "private": "eyJlMmJmYjczMC1lY2FhLTExZTYtOGY4OC0zNDM2M2JjN2M0YzAiOnsiY3JlYXRlIjoxODAwMDAwMDAwMDAwLCJkZWxldGUiOjE4MDAwMDAwMDAwMDAsInJlYWQiOjMwMDAwMDAwMDAwMCwidXBkYXRlIjoxODAwMDAwMDAwMDAwfX0=",
          "dependencies": [
            "azurerm_resource_group.rg",
            "azurerm_user_assigned_identity.example",
            "module.app_plan.azurerm_service_plan.hrm_app_plan",
            "module.vnet.azurerm_subnet.private_subnet",
            "module.vnet.azurerm_subnet.public_subnet",
            "module.vnet.azurerm_subnet_network_security_group_association.private",
            "module.vnet.azurerm_subnet_network_security_group_association.public",
            "module.vnet.azurerm_subnet_route_table_association.private_subnet",
            "module.vnet.azurerm_subnet_route_table_association.public_subnet",
            "module.vnet.azurerm_virtual_network.vnet",
            "module.vnet.azurerm_virtual_network_peering.central_us",
            "module.vnet.azurerm_virtual_network_peering.central_us_global",
            "module.vnet.azurerm_virtual_network_peering.global",
            "module.vnet.azurerm_virtual_network_peering.same_localtion"
          ]
        },
        {
          "index_key": 1,
          "schema_version": 0,
          "attributes": {
            "app_settings": {},
            "auth_settings": [
              {
                "active_directory": [],
                "additional_login_parameters": {},
                "allowed_external_redirect_urls": [],
                "default_provider": "",
                "enabled": false,
                "facebook": [],
                "github": [],
                "google": [],
                "issuer": "",
                "microsoft": [],
                "runtime_version": "",
                "token_refresh_extension_hours": 0,
                "token_store_enabled": false,
                "twitter": [],
                "unauthenticated_client_action": ""
              }
            ],
            "backup": [],
            "client_affinity_enabled": false,
            "client_certificate_enabled": false,
            "client_certificate_mode": "Required",
            "connection_string": [],
            "custom_domain_verification_id": "4D2E2E49813C9ABA3C5F055CF2CB2B24EB0E9EE50F606A53269CD0ED825BE322",
            "default_hostname": "pythohrmapp-api-main.azurewebsites.net",
            "enabled": true,
            "https_only": false,
            "id": "/subscriptions/77f03b7d-819d-431e-98c2-28866179eb22/resourceGroups/hrmondapr-env-main/providers/Microsoft.Web/sites/pythohrmapp-api-main",
            "identity": [
              {
                "identity_ids": [],
                "principal_id": "90f63bfc-fc7d-432a-b171-b536961b1f70",
                "tenant_id": "2dff09ac-2b3b-4182-9953-2b548e0d0b39",
                "type": "SystemAssigned"
              }
            ],
            "key_vault_reference_identity_id": "SystemAssigned",
            "kind": "app,linux",
            "location": "centralus",
            "logs": [],
            "name": "pythohrmapp-api-main",
            "outbound_ip_address_list": [
              "20.84.233.39",
              "20.84.234.195",
              "20.84.235.43",
              "20.84.236.65",
              "20.84.236.104",
              "20.84.236.176",
              "20.118.56.3"
            ],
            "outbound_ip_addresses": "20.84.233.39,20.84.234.195,20.84.235.43,20.84.236.65,20.84.236.104,20.84.236.176,20.118.56.3",
            "possible_outbound_ip_address_list": [
              "20.84.233.39",
              "20.84.234.195",
              "20.84.235.43",
              "20.84.236.65",
              "20.84.236.104",
              "20.84.236.176",
              "20.84.236.195",
              "20.84.236.249",
              "20.84.237.176",
              "20.84.238.117",
              "20.84.238.194",
              "20.84.239.76",
              "20.109.248.12",
              "20.109.248.14",
              "20.109.248.16",
              "20.109.248.28",
              "20.109.248.38",
              "20.109.248.69",
              "20.109.248.70",
              "20.109.248.89",
              "20.109.248.95",
              "20.109.248.105",
              "20.109.248.124",
              "20.109.248.151",
              "20.118.56.3"
            ],
            "possible_outbound_ip_addresses": "20.84.233.39,20.84.234.195,20.84.235.43,20.84.236.65,20.84.236.104,20.84.236.176,20.84.236.195,20.84.236.249,20.84.237.176,20.84.238.117,20.84.238.194,20.84.239.76,20.109.248.12,20.109.248.14,20.109.248.16,20.109.248.28,20.109.248.38,20.109.248.69,20.109.248.70,20.109.248.89,20.109.248.95,20.109.248.105,20.109.248.124,20.109.248.151,20.118.56.3",
            "resource_group_name": "hrmondapr-env-main",
            "service_plan_id": "/subscriptions/77f03b7d-819d-431e-98c2-28866179eb22/resourceGroups/hrmondapr-env-main/providers/Microsoft.Web/serverfarms/hrm-dapr-plan",
            "site_config": [
              {
                "always_on": true,
                "api_definition_url": "",
                "api_management_api_id": "",
                "app_command_line": "",
                "application_stack": [
                  {
                    "docker_image": "",
                    "docker_image_tag": "",
                    "dotnet_version": "",
                    "java_server": "",
                    "java_server_version": "",
                    "java_version": "",
                    "node_version": "",
                    "php_version": "",
                    "python_version": "3.8",
                    "ruby_version": ""
                  }
                ],
                "auto_heal_enabled": false,
                "auto_heal_setting": [],
                "container_registry_managed_identity_client_id": "",
                "container_registry_use_managed_identity": false,
                "cors": [],
                "default_documents": [
                  "Default.htm",
                  "Default.html",
                  "Default.asp",
                  "index.htm",
                  "index.html",
                  "iisstart.htm",
                  "default.aspx",
                  "index.php",
                  "hostingstart.html"
                ],
                "detailed_error_logging_enabled": false,
                "ftps_state": "Disabled",
                "health_check_eviction_time_in_min": 0,
                "health_check_path": "",
                "http2_enabled": true,
                "ip_restriction": [],
                "linux_fx_version": "PYTHON|3.8",
                "load_balancing_mode": "LeastRequests",
                "local_mysql_enabled": false,
                "managed_pipeline_mode": "Integrated",
                "minimum_tls_version": "1.2",
                "remote_debugging_enabled": false,
                "remote_debugging_version": "VS2019",
                "scm_ip_restriction": [],
                "scm_minimum_tls_version": "1.2",
                "scm_type": "None",
                "scm_use_main_ip_restriction": false,
                "use_32_bit_worker": true,
                "vnet_route_all_enabled": false,
                "websockets_enabled": false,
                "worker_count": 1
              }
            ],
            "site_credential": [
              {
                "name": "$pythohrmapp-api-main",
                "password": "J9KcJ4CtBeiLP1Zs5T5ifJyJ46aMoWJE71ggQwByjfdEdWMDFiixgkLfKN10"
              }
            ],
            "sticky_settings": [],
            "storage_account": [],
            "tags": {
              "name": "hrmapp",
              "oke": "linux-api-app"
            },
            "timeouts": null,
            "virtual_network_subnet_id": "",
            "zip_deploy_file": ""
          },
          "sensitive_attributes": [],
          "private": "eyJlMmJmYjczMC1lY2FhLTExZTYtOGY4OC0zNDM2M2JjN2M0YzAiOnsiY3JlYXRlIjoxODAwMDAwMDAwMDAwLCJkZWxldGUiOjE4MDAwMDAwMDAwMDAsInJlYWQiOjMwMDAwMDAwMDAwMCwidXBkYXRlIjoxODAwMDAwMDAwMDAwfX0=",
          "dependencies": [
            "azurerm_resource_group.rg",
            "azurerm_user_assigned_identity.example",
            "module.app_plan.azurerm_service_plan.hrm_app_plan",
            "module.vnet.azurerm_subnet.private_subnet",
            "module.vnet.azurerm_subnet.public_subnet",
            "module.vnet.azurerm_subnet_network_security_group_association.private",
            "module.vnet.azurerm_subnet_network_security_group_association.public",
            "module.vnet.azurerm_subnet_route_table_association.private_subnet",
            "module.vnet.azurerm_subnet_route_table_association.public_subnet",
            "module.vnet.azurerm_virtual_network.vnet",
            "module.vnet.azurerm_virtual_network_peering.central_us",
            "module.vnet.azurerm_virtual_network_peering.central_us_global",
            "module.vnet.azurerm_virtual_network_peering.global",
            "module.vnet.azurerm_virtual_network_peering.same_localtion"
          ]
        }
      ]
    },
    {
      "module": "module.postgree",
      "mode": "managed",
      "type": "azurerm_postgresql_configuration",
      "name": "db_configs",
      "provider": "provider[\"registry.terraform.io/hashicorp/azurerm\"]",
      "instances": [
        {
          "index_key": 0,
          "schema_version": 0,
          "attributes": {
            "id": "/subscriptions/77f03b7d-819d-431e-98c2-28866179eb22/resourceGroups/hrmondapr-env-main/providers/Microsoft.DBforPostgreSQL/servers/hrm-database-server-main/configurations/backslash_quote",
            "name": "backslash_quote",
            "resource_group_name": "hrmondapr-env-main",
            "server_name": "hrm-database-server-main",
            "timeouts": null,
            "value": "on"
          },
          "sensitive_attributes": [],
          "private": "eyJlMmJmYjczMC1lY2FhLTExZTYtOGY4OC0zNDM2M2JjN2M0YzAiOnsiY3JlYXRlIjoxODAwMDAwMDAwMDAwLCJkZWxldGUiOjE4MDAwMDAwMDAwMDAsInJlYWQiOjMwMDAwMDAwMDAwMCwidXBkYXRlIjoxODAwMDAwMDAwMDAwfX0=",
          "dependencies": [
            "azurerm_resource_group.rg",
            "module.postgree.azurerm_postgresql_server.server"
          ]
        }
      ]
    },
    {
      "module": "module.postgree",
      "mode": "managed",
      "type": "azurerm_postgresql_database",
      "name": "dbs",
      "provider": "provider[\"registry.terraform.io/hashicorp/azurerm\"]",
      "instances": [
        {
          "index_key": 0,
          "schema_version": 0,
          "attributes": {
            "charset": "UTF8",
            "collation": "English_United States.1252",
            "id": "/subscriptions/77f03b7d-819d-431e-98c2-28866179eb22/resourceGroups/hrmondapr-env-main/providers/Microsoft.DBforPostgreSQL/servers/hrm-database-server-main/databases/hrmdatabase1-main",
            "name": "hrmdatabase1-main",
            "resource_group_name": "hrmondapr-env-main",
            "server_name": "hrm-database-server-main",
            "timeouts": null
          },
          "sensitive_attributes": [],
          "private": "eyJlMmJmYjczMC1lY2FhLTExZTYtOGY4OC0zNDM2M2JjN2M0YzAiOnsiY3JlYXRlIjozNjAwMDAwMDAwMDAwLCJkZWxldGUiOjM2MDAwMDAwMDAwMDAsInJlYWQiOjMwMDAwMDAwMDAwMCwidXBkYXRlIjozNjAwMDAwMDAwMDAwfX0=",
          "dependencies": [
            "azurerm_resource_group.rg",
            "module.postgree.azurerm_postgresql_server.server"
          ]
        },
        {
          "index_key": 1,
          "schema_version": 0,
          "attributes": {
            "charset": "UTF8",
            "collation": "English_United States.1252",
            "id": "/subscriptions/77f03b7d-819d-431e-98c2-28866179eb22/resourceGroups/hrmondapr-env-main/providers/Microsoft.DBforPostgreSQL/servers/hrm-database-server-main/databases/hrmdatabase2-main",
            "name": "hrmdatabase2-main",
            "resource_group_name": "hrmondapr-env-main",
            "server_name": "hrm-database-server-main",
            "timeouts": null
          },
          "sensitive_attributes": [],
          "private": "eyJlMmJmYjczMC1lY2FhLTExZTYtOGY4OC0zNDM2M2JjN2M0YzAiOnsiY3JlYXRlIjozNjAwMDAwMDAwMDAwLCJkZWxldGUiOjM2MDAwMDAwMDAwMDAsInJlYWQiOjMwMDAwMDAwMDAwMCwidXBkYXRlIjozNjAwMDAwMDAwMDAwfX0=",
          "dependencies": [
            "azurerm_resource_group.rg",
            "module.postgree.azurerm_postgresql_server.server"
          ]
        }
      ]
    },
    {
      "module": "module.postgree",
      "mode": "managed",
      "type": "azurerm_postgresql_server",
      "name": "server",
      "provider": "provider[\"registry.terraform.io/hashicorp/azurerm\"]",
      "instances": [
        {
          "schema_version": 1,
          "attributes": {
            "administrator_login": "duchung",
            "administrator_login_password": "sdkjvnjkwj!#T!#^@#^",
            "auto_grow_enabled": true,
            "backup_retention_days": 7,
            "create_mode": "Default",
            "creation_source_server_id": null,
            "fqdn": "hrm-database-server-main.postgres.database.azure.com",
            "geo_redundant_backup_enabled": false,
            "id": "/subscriptions/77f03b7d-819d-431e-98c2-28866179eb22/resourceGroups/hrmondapr-env-main/providers/Microsoft.DBforPostgreSQL/servers/hrm-database-server-main",
            "identity": [],
            "infrastructure_encryption_enabled": false,
            "location": "centralus",
            "name": "hrm-database-server-main",
            "public_network_access_enabled": true,
            "resource_group_name": "hrmondapr-env-main",
            "restore_point_in_time": null,
            "sku_name": "GP_Gen5_2",
            "ssl_enforcement_enabled": true,
            "ssl_minimal_tls_version_enforced": "TLS1_2",
            "storage_mb": 5120,
            "tags": {},
            "threat_detection_policy": [],
            "timeouts": null,
            "version": "11"
          },
          "sensitive_attributes": [],
          "private": "eyJlMmJmYjczMC1lY2FhLTExZTYtOGY4OC0zNDM2M2JjN2M0YzAiOnsiY3JlYXRlIjozNjAwMDAwMDAwMDAwLCJkZWxldGUiOjM2MDAwMDAwMDAwMDAsInJlYWQiOjMwMDAwMDAwMDAwMCwidXBkYXRlIjozNjAwMDAwMDAwMDAwfSwic2NoZW1hX3ZlcnNpb24iOiIxIn0=",
          "dependencies": [
            "azurerm_resource_group.rg"
          ]
        }
      ]
    },
    {
      "module": "module.vnet",
      "mode": "managed",
      "type": "azurerm_subnet",
      "name": "private_subnet",
      "provider": "provider[\"registry.terraform.io/hashicorp/azurerm\"]",
      "instances": [
        {
          "index_key": 0,
          "schema_version": 0,
          "attributes": {
            "address_prefixes": [
              "10.8.3.0/24"
            ],
            "delegation": [],
            "enforce_private_link_endpoint_network_policies": false,
            "enforce_private_link_service_network_policies": false,
            "id": "/subscriptions/77f03b7d-819d-431e-98c2-28866179eb22/resourceGroups/hrmondapr-env-main/providers/Microsoft.Network/virtualNetworks/vnet1-main-hrmondapr-dev/subnets/prsub",
            "name": "prsub",
            "resource_group_name": "hrmondapr-env-main",
            "service_endpoint_policy_ids": [],
            "service_endpoints": [],
            "timeouts": null,
            "virtual_network_name": "vnet1-main-hrmondapr-dev"
          },
          "sensitive_attributes": [],
          "private": "eyJlMmJmYjczMC1lY2FhLTExZTYtOGY4OC0zNDM2M2JjN2M0YzAiOnsiY3JlYXRlIjoxODAwMDAwMDAwMDAwLCJkZWxldGUiOjE4MDAwMDAwMDAwMDAsInJlYWQiOjMwMDAwMDAwMDAwMCwidXBkYXRlIjoxODAwMDAwMDAwMDAwfX0=",
          "dependencies": [
            "azurerm_resource_group.rg",
            "module.vnet.azurerm_virtual_network.vnet"
          ]
        }
      ]
    },
    {
      "module": "module.vnet",
      "mode": "managed",
      "type": "azurerm_subnet",
      "name": "public_subnet",
      "provider": "provider[\"registry.terraform.io/hashicorp/azurerm\"]",
      "instances": [
        {
          "index_key": 0,
          "schema_version": 0,
          "attributes": {
            "address_prefixes": [
              "10.8.1.0/24"
            ],
            "delegation": [],
            "enforce_private_link_endpoint_network_policies": false,
            "enforce_private_link_service_network_policies": false,
            "id": "/subscriptions/77f03b7d-819d-431e-98c2-28866179eb22/resourceGroups/hrmondapr-env-main/providers/Microsoft.Network/virtualNetworks/vnet1-main-hrmondapr-dev/subnets/subneta",
            "name": "subneta",
            "resource_group_name": "hrmondapr-env-main",
            "service_endpoint_policy_ids": [],
            "service_endpoints": [],
            "timeouts": null,
            "virtual_network_name": "vnet1-main-hrmondapr-dev"
          },
          "sensitive_attributes": [],
          "private": "eyJlMmJmYjczMC1lY2FhLTExZTYtOGY4OC0zNDM2M2JjN2M0YzAiOnsiY3JlYXRlIjoxODAwMDAwMDAwMDAwLCJkZWxldGUiOjE4MDAwMDAwMDAwMDAsInJlYWQiOjMwMDAwMDAwMDAwMCwidXBkYXRlIjoxODAwMDAwMDAwMDAwfX0=",
          "dependencies": [
            "azurerm_resource_group.rg",
            "module.vnet.azurerm_virtual_network.vnet"
          ]
        }
      ]
    },
    {
      "module": "module.vnet",
      "mode": "managed",
      "type": "azurerm_virtual_network",
      "name": "vnet",
      "provider": "provider[\"registry.terraform.io/hashicorp/azurerm\"]",
      "instances": [
        {
          "schema_version": 0,
          "attributes": {
            "address_space": [
              "10.8.0.0/16"
            ],
            "bgp_community": "",
            "ddos_protection_plan": [],
            "dns_servers": [],
            "edge_zone": "",
            "flow_timeout_in_minutes": 0,
            "guid": "e41d16ed-2a2a-4c43-95cb-ade7f97f854b",
            "id": "/subscriptions/77f03b7d-819d-431e-98c2-28866179eb22/resourceGroups/hrmondapr-env-main/providers/Microsoft.Network/virtualNetworks/vnet1-main-hrmondapr-dev",
            "location": "centralus",
            "name": "vnet1-main-hrmondapr-dev",
            "resource_group_name": "hrmondapr-env-main",
            "subnet": [
              {
                "address_prefix": "10.8.1.0/24",
                "id": "/subscriptions/77f03b7d-819d-431e-98c2-28866179eb22/resourceGroups/hrmondapr-env-main/providers/Microsoft.Network/virtualNetworks/vnet1-main-hrmondapr-dev/subnets/subneta",
                "name": "subneta",
                "security_group": ""
              },
              {
                "address_prefix": "10.8.3.0/24",
                "id": "/subscriptions/77f03b7d-819d-431e-98c2-28866179eb22/resourceGroups/hrmondapr-env-main/providers/Microsoft.Network/virtualNetworks/vnet1-main-hrmondapr-dev/subnets/prsub",
                "name": "prsub",
                "security_group": ""
              }
            ],
            "tags": {
              "Description": "managed by Terraform",
              "Environment": "dev",
              "Name": "hrmondapr-dev-vnet1-main-hrmondapr-dev",
              "Owner": "hungowner",
              "Project": "hrmondapr"
            },
            "timeouts": null
          },
          "sensitive_attributes": [],
          "private": "eyJlMmJmYjczMC1lY2FhLTExZTYtOGY4OC0zNDM2M2JjN2M0YzAiOnsiY3JlYXRlIjoxODAwMDAwMDAwMDAwLCJkZWxldGUiOjE4MDAwMDAwMDAwMDAsInJlYWQiOjMwMDAwMDAwMDAwMCwidXBkYXRlIjoxODAwMDAwMDAwMDAwfX0=",
          "dependencies": [
            "azurerm_resource_group.rg"
          ]
        }
      ]
    }
  ]
}
